
Microsoft Visual Studio Solution File, Format Version 12.00
# Visual Studio Version 17
VisualStudioVersion = 17.3.32804.467
MinimumVisualStudioVersion = 10.0.40219.1
Project("{FAE04EC0-301F-11D3-BF4B-00C04F79EFBC}") = "WC_Selinium", "WC_Selinium.csproj", "{FE1F303C-3533-4CA4-9BC5-F0DEBC71C97D}"
EndProject
Global
	GlobalSection(SolutionConfigurationPlatforms) = preSolution
		Debug|Any CPU = Debug|Any CPU
		Release|Any CPU = Release|Any CPU
	EndGlobalSection
	GlobalSection(ProjectConfigurationPlatforms) = postSolution
		{FE1F303C-3533-4CA4-9BC5-F0DEBC71C97D}.Debug|Any CPU.ActiveCfg = Debug|Any CPU
		{FE1F303C-3533-4CA4-9BC5-F0DEBC71C97D}.Debug|Any CPU.Build.0 = Debug|Any CPU
		{FE1F303C-3533-4CA4-9BC5-F0DEBC71C97D}.Release|Any CPU.ActiveCfg = Release|Any CPU
		{FE1F303C-3533-4CA4-9BC5-F0DEBC71C97D}.Release|Any CPU.Build.0 = Release|Any CPU
	EndGlobalSection
	GlobalSection(SolutionProperties) = preSolution
		HideSolutionNode = FALSE
	EndGlobalSection
	GlobalSection(ExtensibilityGlobals) = postSolution
		SolutionGuid = {7D8D267F-B894-46DA-AF29-F74CBECE002E}
	EndGlobalSection
EndGlobal
